
Microsoft Visual Studio Solution File, Format Version 12.00
# Visual Studio Version 17
VisualStudioVersion = 17.14.36310.24 d17.14
MinimumVisualStudioVersion = 10.0.40219.1
Project("{FAE04EC0-301F-11D3-BF4B-00C04F79EFBC}") = "YTPlaylistDownloader", "YTPlaylistDownloader\YTPlaylistDownloader.csproj", "{D87724BD-2F7F-4317-91AD-25F0CD77AEAE}"
EndProject
Global
	GlobalSection(SolutionConfigurationPlatforms) = preSolution
		Debug|Any CPU = Debug|Any CPU
		Release|Any CPU = Release|Any CPU
	EndGlobalSection
	GlobalSection(ProjectConfigurationPlatforms) = postSolution
		{D87724BD-2F7F-4317-91AD-25F0CD77AEAE}.Debug|Any CPU.ActiveCfg = Debug|Any CPU
		{D87724BD-2F7F-4317-91AD-25F0CD77AEAE}.Debug|Any CPU.Build.0 = Debug|Any CPU
		{D87724BD-2F7F-4317-91AD-25F0CD77AEAE}.Release|Any CPU.ActiveCfg = Release|Any CPU
		{D87724BD-2F7F-4317-91AD-25F0CD77AEAE}.Release|Any CPU.Build.0 = Release|Any CPU
	EndGlobalSection
	GlobalSection(SolutionProperties) = preSolution
		HideSolutionNode = FALSE
	EndGlobalSection
	GlobalSection(ExtensibilityGlobals) = postSolution
		SolutionGuid = {034DE46A-43B4-4F49-B757-D9664B31939F}
	EndGlobalSection
EndGlobal
